
Microsoft Visual Studio Solution File, Format Version 12.00
# Visual Studio Version 17
VisualStudioVersion = 17.9.34723.18
MinimumVisualStudioVersion = 10.0.40219.1
Project("{9A19103F-16F7-4668-BE54-9A1E7A4F7556}") = "0bserv", "0bserv.csproj", "{AF6C28BF-7626-424F-9E1B-0163D523300D}"
EndProject
Project("{2150E333-8FDC-42A3-9474-1A3956D46DE8}") = "Elementi di soluzione", "Elementi di soluzione", "{6E4A1B89-1F64-44BF-8033-1FE249490A8A}"
	ProjectSection(SolutionItems) = preProject
		ConfigHelper.txt = ConfigHelper.txt
		..\LICENSE = ..\LICENSE
		migrazione.sql = migrazione.sql
		..\README.md = ..\README.md
	EndProjectSection
EndProject
Global
	GlobalSection(SolutionConfigurationPlatforms) = preSolution
		Debug|Any CPU = Debug|Any CPU
		Release|Any CPU = Release|Any CPU
	EndGlobalSection
	GlobalSection(ProjectConfigurationPlatforms) = postSolution
		{AF6C28BF-7626-424F-9E1B-0163D523300D}.Debug|Any CPU.ActiveCfg = Debug|Any CPU
		{AF6C28BF-7626-424F-9E1B-0163D523300D}.Debug|Any CPU.Build.0 = Debug|Any CPU
		{AF6C28BF-7626-424F-9E1B-0163D523300D}.Release|Any CPU.ActiveCfg = Release|Any CPU
		{AF6C28BF-7626-424F-9E1B-0163D523300D}.Release|Any CPU.Build.0 = Release|Any CPU
	EndGlobalSection
	GlobalSection(SolutionProperties) = preSolution
		HideSolutionNode = FALSE
	EndGlobalSection
	GlobalSection(ExtensibilityGlobals) = postSolution
		SolutionGuid = {86C7A0F7-E555-4763-AFB6-A8D7F88F46F8}
	EndGlobalSection
EndGlobal
