
Microsoft Visual Studio Solution File, Format Version 12.00
# Visual Studio Version 17
VisualStudioVersion = 17.9.34723.18
MinimumVisualStudioVersion = 10.0.40219.1
Project("{9A19103F-16F7-4668-BE54-9A1E7A4F7556}") = "sc4ff", "sc4ff.csproj", "{B7988AB8-3EE3-410F-81AF-3485D301588B}"
EndProject
Global
	GlobalSection(SolutionConfigurationPlatforms) = preSolution
		Debug|Any CPU = Debug|Any CPU
		Release|Any CPU = Release|Any CPU
	EndGlobalSection
	GlobalSection(ProjectConfigurationPlatforms) = postSolution
		{B7988AB8-3EE3-410F-81AF-3485D301588B}.Debug|Any CPU.ActiveCfg = Debug|Any CPU
		{B7988AB8-3EE3-410F-81AF-3485D301588B}.Debug|Any CPU.Build.0 = Debug|Any CPU
		{B7988AB8-3EE3-410F-81AF-3485D301588B}.Release|Any CPU.ActiveCfg = Release|Any CPU
		{B7988AB8-3EE3-410F-81AF-3485D301588B}.Release|Any CPU.Build.0 = Release|Any CPU
	EndGlobalSection
	GlobalSection(SolutionProperties) = preSolution
		HideSolutionNode = FALSE
	EndGlobalSection
	GlobalSection(ExtensibilityGlobals) = postSolution
		SolutionGuid = {1F76804A-FB79-4E4A-9AE9-EF9ED33EBAF0}
	EndGlobalSection
EndGlobal
